{
  "name": "@ethproofs/pico-wasm-stark-verifier",
  "version": "0.1.3",
  "lockfileVersion": 3,
  "requires": true,
  "packages": {
    "": {
      "name": "@ethproofs/pico-wasm-stark-verifier",
      "version": "0.1.3",
      "license": "MIT",
      "devDependencies": {
        "wasm-pack": "^0.0.0"
      },
      "engines": {
        "node": ">=16.0.0"
      }
    },
    "node_modules/wasm-pack": {
      "version": "0.0.0",
      "resolved": "https://registry.npmjs.org/wasm-pack/-/wasm-pack-0.0.0.tgz",
      "integrity": "sha512-0BUQsu8p7oMogWBVQHY0vT+amMPOm4eBqLVDC0N57yV7b4Scn/iMZ5q0g0vGvweTiTz/RIGElmJ4B0+Oo/RGNg==",
      "dev": true
    }
  }
}
